// !$*UTF8*$!
{
	archiveVersion = 1;
	classes = {
	};
	objectVersion = 50;
	objects = {

/* Begin PBXBuildFile section */
		5585D6B923179B0B002D03A5 /* AppDelegate.m in Sources */ = {isa = PBXBuildFile; fileRef = 5585D6B823179B0B002D03A5 /* AppDelegate.m */; };
		5585D6BC23179B0B002D03A5 /* ViewController.m in Sources */ = {isa = PBXBuildFile; fileRef = 5585D6BB23179B0B002D03A5 /* ViewController.m */; };
		5585D6BF23179B0B002D03A5 /* Main.storyboard in Resources */ = {isa = PBXBuildFile; fileRef = 5585D6BD23179B0B002D03A5 /* Main.storyboard */; };
		5585D6C223179B0B002D03A5 /* ZHKeyBoardToolBar.xcdatamodeld in Sources */ = {isa = PBXBuildFile; fileRef = 5585D6C023179B0B002D03A5 /* ZHKeyBoardToolBar.xcdatamodeld */; };
		5585D6C423179B0D002D03A5 /* Assets.xcassets in Resources */ = {isa = PBXBuildFile; fileRef = 5585D6C323179B0D002D03A5 /* Assets.xcassets */; };
		5585D6C723179B0D002D03A5 /* LaunchScreen.storyboard in Resources */ = {isa = PBXBuildFile; fileRef = 5585D6C523179B0D002D03A5 /* LaunchScreen.storyboard */; };
		5585D6CA23179B0D002D03A5 /* main.m in Sources */ = {isa = PBXBuildFile; fileRef = 5585D6C923179B0D002D03A5 /* main.m */; };
		5585D6D223179B72002D03A5 /* ZHKeyBoardToolBar.m in Sources */ = {isa = PBXBuildFile; fileRef = 5585D6D123179B72002D03A5 /* ZHKeyBoardToolBar.m */; };
/* End PBXBuildFile section */

/* Begin PBXFileReference section */
		5585D6B423179B0B002D03A5 /* ZHKeyBoardToolBar.app */ = {isa = PBXFileReference; explicitFileType = wrapper.application; includeInIndex = 0; path = ZHKeyBoardToolBar.app; sourceTree = BUILT_PRODUCTS_DIR; };
		5585D6B723179B0B002D03A5 /* AppDelegate.h */ = {isa = PBXFileReference; lastKnownFileType = sourcecode.c.h; path = AppDelegate.h; sourceTree = "<group>"; };
		5585D6B823179B0B002D03A5 /* AppDelegate.m */ = {isa = PBXFileReference; lastKnownFileType = sourcecode.c.objc; path = AppDelegate.m; sourceTree = "<group>"; };
		5585D6BA23179B0B002D03A5 /* ViewController.h */ = {isa = PBXFileReference; lastKnownFileType = sourcecode.c.h; path = ViewController.h; sourceTree = "<group>"; };
		5585D6BB23179B0B002D03A5 /* ViewController.m */ = {isa = PBXFileReference; lastKnownFileType = sourcecode.c.objc; path = ViewController.m; sourceTree = "<group>"; };
		5585D6BE23179B0B002D03A5 /* Base */ = {isa = PBXFileReference; lastKnownFileType = file.storyboard; name = Base; path = Base.lproj/Main.storyboard; sourceTree = "<group>"; };
		5585D6C123179B0B002D03A5 /* ZHKeyBoardToolBar.xcdatamodel */ = {isa = PBXFileReference; lastKnownFileType = wrapper.xcdatamodel; path = ZHKeyBoardToolBar.xcdatamodel; sourceTree = "<group>"; };
		5585D6C323179B0D002D03A5 /* Assets.xcassets */ = {isa = PBXFileReference; lastKnownFileType = folder.assetcatalog; path = Assets.xcassets; sourceTree = "<group>"; };
		5585D6C623179B0D002D03A5 /* Base */ = {isa = PBXFileReference; lastKnownFileType = file.storyboard; name = Base; path = Base.lproj/LaunchScreen.storyboard; sourceTree = "<group>"; };
		5585D6C823179B0D002D03A5 /* Info.plist */ = {isa = PBXFileReference; lastKnownFileType = text.plist.xml; path = Info.plist; sourceTree = "<group>"; };
		5585D6C923179B0D002D03A5 /* main.m */ = {isa = PBXFileReference; lastKnownFileType = sourcecode.c.objc; path = main.m; sourceTree = "<group>"; };
		5585D6D023179B72002D03A5 /* ZHKeyBoardToolBar.h */ = {isa = PBXFileReference; fileEncoding = 4; lastKnownFileType = sourcecode.c.h; path = ZHKeyBoardToolBar.h; sourceTree = "<group>"; };
		5585D6D123179B72002D03A5 /* ZHKeyBoardToolBar.m */ = {isa = PBXFileReference; fileEncoding = 4; lastKnownFileType = sourcecode.c.objc; path = ZHKeyBoardToolBar.m; sourceTree = "<group>"; };
/* End PBXFileReference section */

/* Begin PBXFrameworksBuildPhase section */
		5585D6B123179B0B002D03A5 /* Frameworks */ = {
			isa = PBXFrameworksBuildPhase;
			buildActionMask = 2147483647;
			files = (
			);
			runOnlyForDeploymentPostprocessing = 0;
		};
/* End PBXFrameworksBuildPhase section */

/* Begin PBXGroup section */
		5585D6AB23179B0B002D03A5 = {
			isa = PBXGroup;
			children = (
				5585D6B623179B0B002D03A5 /* ZHKeyBoardToolBar */,
				5585D6B523179B0B002D03A5 /* Products */,
			);
			sourceTree = "<group>";
		};
		5585D6B523179B0B002D03A5 /* Products */ = {
			isa = PBXGroup;
			children = (
				5585D6B423179B0B002D03A5 /* ZHKeyBoardToolBar.app */,
			);
			name = Products;
			sourceTree = "<group>";
		};
		5585D6B623179B0B002D03A5 /* ZHKeyBoardToolBar */ = {
			isa = PBXGroup;
			children = (
				5585D6B723179B0B002D03A5 /* AppDelegate.h */,
				5585D6B823179B0B002D03A5 /* AppDelegate.m */,
				5585D6BA23179B0B002D03A5 /* ViewController.h */,
				5585D6BB23179B0B002D03A5 /* ViewController.m */,
				5585D6D023179B72002D03A5 /* ZHKeyBoardToolBar.h */,
				5585D6D123179B72002D03A5 /* ZHKeyBoardToolBar.m */,
				5585D6BD23179B0B002D03A5 /* Main.storyboard */,
				5585D6C323179B0D002D03A5 /* Assets.xcassets */,
				5585D6C523179B0D002D03A5 /* LaunchScreen.storyboard */,
				5585D6C823179B0D002D03A5 /* Info.plist */,
				5585D6C923179B0D002D03A5 /* main.m */,
				5585D6C023179B0B002D03A5 /* ZHKeyBoardToolBar.xcdatamodeld */,
			);
			path = ZHKeyBoardToolBar;
			sourceTree = "<group>";
		};
/* End PBXGroup section */

/* Begin PBXNativeTarget section */
		5585D6B323179B0B002D03A5 /* ZHKeyBoardToolBar */ = {
			isa = PBXNativeTarget;
			buildConfigurationList = 5585D6CD23179B0D002D03A5 /* Build configuration list for PBXNativeTarget "ZHKeyBoardToolBar" */;
			buildPhases = (
				5585D6B023179B0B002D03A5 /* Sources */,
				5585D6B123179B0B002D03A5 /* Frameworks */,
				5585D6B223179B0B002D03A5 /* Resources */,
			);
			buildRules = (
			);
			dependencies = (
			);
			name = ZHKeyBoardToolBar;
			productName = ZHKeyBoardToolBar;
			productReference = 5585D6B423179B0B002D03A5 /* ZHKeyBoardToolBar.app */;
			productType = "com.apple.product-type.application";
		};
/* End PBXNativeTarget section */

/* Begin PBXProject section */
		5585D6AC23179B0B002D03A5 /* Project object */ = {
			isa = PBXProject;
			attributes = {
				LastUpgradeCheck = 1010;
				ORGANIZATIONNAME = gallon;
				TargetAttributes = {
					5585D6B323179B0B002D03A5 = {
						CreatedOnToolsVersion = 10.1;
					};
				};
			};
			buildConfigurationList = 5585D6AF23179B0B002D03A5 /* Build configuration list for PBXProject "ZHKeyBoardToolBar" */;
			compatibilityVersion = "Xcode 9.3";
			developmentRegion = en;
			hasScannedForEncodings = 0;
			knownRegions = (
				en,
				Base,
			);
			mainGroup = 5585D6AB23179B0B002D03A5;
			productRefGroup = 5585D6B523179B0B002D03A5 /* Products */;
			projectDirPath = "";
			projectRoot = "";
			targets = (
				5585D6B323179B0B002D03A5 /* ZHKeyBoardToolBar */,
			);
		};
/* End PBXProject section */

/* Begin PBXResourcesBuildPhase section */
		5585D6B223179B0B002D03A5 /* Resources */ = {
			isa = PBXResourcesBuildPhase;
			buildActionMask = 2147483647;
			files = (
				5585D6C723179B0D002D03A5 /* LaunchScreen.storyboard in Resources */,
				5585D6C423179B0D002D03A5 /* Assets.xcassets in Resources */,
				5585D6BF23179B0B002D03A5 /* Main.storyboard in Resources */,
			);
			runOnlyForDeploymentPostprocessing = 0;
		};
/* End PBXResourcesBuildPhase section */

/* Begin PBXSourcesBuildPhase section */
		5585D6B023179B0B002D03A5 /* Sources */ = {
			isa = PBXSourcesBuildPhase;
			buildActionMask = 2147483647;
			files = (
				5585D6BC23179B0B002D03A5 /* ViewController.m in Sources */,
				5585D6B923179B0B002D03A5 /* AppDelegate.m in Sources */,
				5585D6CA23179B0D002D03A5 /* main.m in Sources */,
				5585D6C223179B0B002D03A5 /* ZHKeyBoardToolBar.xcdatamodeld in Sources */,
				5585D6D223179B72002D03A5 /* ZHKeyBoardToolBar.m in Sources */,
			);
			runOnlyForDeploymentPostprocessing = 0;
		};
/* End PBXSourcesBuildPhase section */

/* Begin PBXVariantGroup section */
		5585D6BD23179B0B002D03A5 /* Main.storyboard */ = {
			isa = PBXVariantGroup;
			children = (
				5585D6BE23179B0B002D03A5 /* Base */,
			);
			name = Main.storyboard;
			sourceTree = "<group>";
		};
		5585D6C523179B0D002D03A5 /* LaunchScreen.storyboard */ = {
			isa = PBXVariantGroup;
			children = (
				5585D6C623179B0D002D03A5 /* Base */,
			);
			name = LaunchScreen.storyboard;
			sourceTree = "<group>";
		};
/* End PBXVariantGroup section */

/* Begin XCBuildConfiguration section */
		5585D6CB23179B0D002D03A5 /* Debug */ = {
			isa = XCBuildConfiguration;
			buildSettings = {
				ALWAYS_SEARCH_USER_PATHS = NO;
				CLANG_ANALYZER_NONNULL = YES;
				CLANG_ANALYZER_NUMBER_OBJECT_CONVERSION = YES_AGGRESSIVE;
				CLANG_CXX_LANGUAGE_STANDARD = "gnu++14";
				CLANG_CXX_LIBRARY = "libc++";
				CLANG_ENABLE_MODULES = YES;
				CLANG_ENABLE_OBJC_ARC = YES;
				CLANG_ENABLE_OBJC_WEAK = YES;
				CLANG_WARN_BLOCK_CAPTURE_AUTORELEASING = YES;
				CLANG_WARN_BOOL_CONVERSION = YES;
				CLANG_WARN_COMMA = YES;
				CLANG_WARN_CONSTANT_CONVERSION = YES;
				CLANG_WARN_DEPRECATED_OBJC_IMPLEMENTATIONS = YES;
				CLANG_WARN_DIRECT_OBJC_ISA_USAGE = YES_ERROR;
				CLANG_WARN_DOCUMENTATION_COMMENTS = YES;
				CLANG_WARN_EMPTY_BODY = YES;
				CLANG_WARN_ENUM_CONVERSION = YES;
				CLANG_WARN_INFINITE_RECURSION = YES;
				CLANG_WARN_INT_CONVERSION = YES;
				CLANG_WARN_NON_LITERAL_NULL_CONVERSION = YES;
				CLANG_WARN_OBJC_IMPLICIT_RETAIN_SELF = YES;
				CLANG_WARN_OBJC_LITERAL_CONVERSION = YES;
				CLANG_WARN_OBJC_ROOT_CLASS = YES_ERROR;
				CLANG_WARN_RANGE_LOOP_ANALYSIS = YES;
				CLANG_WARN_STRICT_PROTOTYPES = YES;
				CLANG_WARN_SUSPICIOUS_MOVE = YES;
				CLANG_WARN_UNGUARDED_AVAILABILITY = YES_AGGRESSIVE;
				CLANG_WARN_UNREACHABLE_CODE = YES;
				CLANG_WARN__DUPLICATE_METHOD_MATCH = YES;
				CODE_SIGN_IDENTITY = "iPhone Developer";
				COPY_PHASE_STRIP = NO;
				DEBUG_INFORMATION_FORMAT = dwarf;
				ENABLE_STRICT_OBJC_MSGSEND = YES;
				ENABLE_TESTABILITY = YES;
				GCC_C_LANGUAGE_STANDARD = gnu11;
				GCC_DYNAMIC_NO_PIC = NO;
				GCC_NO_COMMON_BLOCKS = YES;
				GCC_OPTIMIZATION_LEVEL = 0;
				GCC_PREPROCESSOR_DEFINITIONS = (
					"DEBUG=1",
					"$(inherited)",
				);
				GCC_WARN_64_TO_32_BIT_CONVERSION = YES;
				GCC_WARN_ABOUT_RETURN_TYPE = YES_ERROR;
				GCC_WARN_UNDECLARED_SELECTOR = YES;
				GCC_WARN_UNINITIALIZED_AUTOS = YES_AGGRESSIVE;
				GCC_WARN_UNUSED_FUNCTION = YES;
				GCC_WARN_UNUSED_VARIABLE = YES;
				IPHONEOS_DEPLOYMENT_TARGET = 12.1;
				MTL_ENABLE_DEBUG_INFO = INCLUDE_SOURCE;
				MTL_FAST_MATH = YES;
				ONLY_ACTIVE_ARCH = YES;
				SDKROOT = iphoneos;
			};
			name = Debug;
		};
		5585D6CC23179B0D002D03A5 /* Release */ = {
			isa = XCBuildConfiguration;
			buildSettings = {
				ALWAYS_SEARCH_USER_PATHS = NO;
				CLANG_ANALYZER_NONNULL = YES;
				CLANG_ANALYZER_NUMBER_OBJECT_CONVERSION = YES_AGGRESSIVE;
				CLANG_CXX_LANGUAGE_STANDARD = "gnu++14";
				CLANG_CXX_LIBRARY = "libc++";
				CLANG_ENABLE_MODULES = YES;
				CLANG_ENABLE_OBJC_ARC = YES;
				CLANG_ENABLE_OBJC_WEAK = YES;
				CLANG_WARN_BLOCK_CAPTURE_AUTORELEASING = YES;
				CLANG_WARN_BOOL_CONVERSION = YES;
				CLANG_WARN_COMMA = YES;
				CLANG_WARN_CONSTANT_CONVERSION = YES;
				CLANG_WARN_DEPRECATED_OBJC_IMPLEMENTATIONS = YES;
				CLANG_WARN_DIRECT_OBJC_ISA_USAGE = YES_ERROR;
				CLANG_WARN_DOCUMENTATION_COMMENTS = YES;
				CLANG_WARN_EMPTY_BODY = YES;
				CLANG_WARN_ENUM_CONVERSION = YES;
				CLANG_WARN_INFINITE_RECURSION = YES;
				CLANG_WARN_INT_CONVERSION = YES;
				CLANG_WARN_NON_LITERAL_NULL_CONVERSION = YES;
				CLANG_WARN_OBJC_IMPLICIT_RETAIN_SELF = YES;
				CLANG_WARN_OBJC_LITERAL_CONVERSION = YES;
				CLANG_WARN_OBJC_ROOT_CLASS = YES_ERROR;
				CLANG_WARN_RANGE_LOOP_ANALYSIS = YES;
				CLANG_WARN_STRICT_PROTOTYPES = YES;
				CLANG_WARN_SUSPICIOUS_MOVE = YES;
				CLANG_WARN_UNGUARDED_AVAILABILITY = YES_AGGRESSIVE;
				CLANG_WARN_UNREACHABLE_CODE = YES;
				CLANG_WARN__DUPLICATE_METHOD_MATCH = YES;
				CODE_SIGN_IDENTITY = "iPhone Developer";
				COPY_PHASE_STRIP = NO;
				DEBUG_INFORMATION_FORMAT = "dwarf-with-dsym";
				ENABLE_NS_ASSERTIONS = NO;
				ENABLE_STRICT_OBJC_MSGSEND = YES;
				GCC_C_LANGUAGE_STANDARD = gnu11;
				GCC_NO_COMMON_BLOCKS = YES;
				GCC_WARN_64_TO_32_BIT_CONVERSION = YES;
				GCC_WARN_ABOUT_RETURN_TYPE = YES_ERROR;
				GCC_WARN_UNDECLARED_SELECTOR = YES;
				GCC_WARN_UNINITIALIZED_AUTOS = YES_AGGRESSIVE;
				GCC_WARN_UNUSED_FUNCTION = YES;
				GCC_WARN_UNUSED_VARIABLE = YES;
				IPHONEOS_DEPLOYMENT_TARGET = 12.1;
				MTL_ENABLE_DEBUG_INFO = NO;
				MTL_FAST_MATH = YES;
				SDKROOT = iphoneos;
				VALIDATE_PRODUCT = YES;
			};
			name = Release;
		};
		5585D6CE23179B0D002D03A5 /* Debug */ = {
			isa = XCBuildConfiguration;
			buildSettings = {
				ASSETCATALOG_COMPILER_APPICON_NAME = AppIcon;
				CODE_SIGN_STYLE = Automatic;
				DEVELOPMENT_TEAM = 48V5PWW5RH;
				INFOPLIST_FILE = ZHKeyBoardToolBar/Info.plist;
				IPHONEOS_DEPLOYMENT_TARGET = 9.0;
				LD_RUNPATH_SEARCH_PATHS = (
					"$(inherited)",
					"@executable_path/Frameworks",
				);
				PRODUCT_BUNDLE_IDENTIFIER = com.Massky.ZHKeyBoardToolBar;
				PRODUCT_NAME = "$(TARGET_NAME)";
				TARGETED_DEVICE_FAMILY = 1;
			};
			name = Debug;
		};
		5585D6CF23179B0D002D03A5 /* Release */ = {
			isa = XCBuildConfiguration;
			buildSettings = {
				ASSETCATALOG_COMPILER_APPICON_NAME = AppIcon;
				CODE_SIGN_STYLE = Automatic;
				DEVELOPMENT_TEAM = 48V5PWW5RH;
				INFOPLIST_FILE = ZHKeyBoardToolBar/Info.plist;
				IPHONEOS_DEPLOYMENT_TARGET = 9.0;
				LD_RUNPATH_SEARCH_PATHS = (
					"$(inherited)",
					"@executable_path/Frameworks",
				);
				PRODUCT_BUNDLE_IDENTIFIER = com.Massky.ZHKeyBoardToolBar;
				PRODUCT_NAME = "$(TARGET_NAME)";
				TARGETED_DEVICE_FAMILY = 1;
			};
			name = Release;
		};
/* End XCBuildConfiguration section */

/* Begin XCConfigurationList section */
		5585D6AF23179B0B002D03A5 /* Build configuration list for PBXProject "ZHKeyBoardToolBar" */ = {
			isa = XCConfigurationList;
			buildConfigurations = (
				5585D6CB23179B0D002D03A5 /* Debug */,
				5585D6CC23179B0D002D03A5 /* Release */,
			);
			defaultConfigurationIsVisible = 0;
			defaultConfigurationName = Release;
		};
		5585D6CD23179B0D002D03A5 /* Build configuration list for PBXNativeTarget "ZHKeyBoardToolBar" */ = {
			isa = XCConfigurationList;
			buildConfigurations = (
				5585D6CE23179B0D002D03A5 /* Debug */,
				5585D6CF23179B0D002D03A5 /* Release */,
			);
			defaultConfigurationIsVisible = 0;
			defaultConfigurationName = Release;
		};
/* End XCConfigurationList section */

/* Begin XCVersionGroup section */
		5585D6C023179B0B002D03A5 /* ZHKeyBoardToolBar.xcdatamodeld */ = {
			isa = XCVersionGroup;
			children = (
				5585D6C123179B0B002D03A5 /* ZHKeyBoardToolBar.xcdatamodel */,
			);
			currentVersion = 5585D6C123179B0B002D03A5 /* ZHKeyBoardToolBar.xcdatamodel */;
			path = ZHKeyBoardToolBar.xcdatamodeld;
			sourceTree = "<group>";
			versionGroupType = wrapper.xcdatamodel;
		};
/* End XCVersionGroup section */
	};
	rootObject = 5585D6AC23179B0B002D03A5 /* Project object */;
}
